PODS:
  - Dumbbell (0.0.1)
  - Keys (1.0.0)

DEPENDENCIES:
  - Dumbbell
  - Keys (from `Pods/CocoaPodsKeys`)

EXTERNAL SOURCES:
  Keys:
    :path: Pods/CocoaPodsKeys

SPEC CHECKSUMS:
  Dumbbell: 96b5de17b9cf5c7419055d99227b2714db5c6173
  Keys: 9c35bf00f612ee1d48556f4a4b9b4551e224e90f

PODFILE CHECKSUM: 5e4f63a38b746721f7324d624a6fbd7c7e38c5d7

COCOAPODS: 1.2.1
